
Microsoft Visual Studio Solution File, Format Version 12.00
# Visual Studio 14
VisualStudioVersion = 14.0.25123.0
MinimumVisualStudioVersion = 10.0.40219.1
Project("{2150E333-8FDC-42A3-9474-1A3956D46DE8}") = ".Install", ".Install", "{FF41DDEF-0B83-4D55-A6B9-E2340FCCD19C}"
EndProject
Project("{2150E333-8FDC-42A3-9474-1A3956D46DE8}") = "Content", "Content", "{4158C999-2A09-484D-90E3-F83520B477C2}"
EndProject
Project("{FAE04EC0-301F-11D3-BF4B-00C04F79EFBC}") = "Web", "Web\Web.csproj", "{1E799F7E-A83A-4561-8420-D2EEDF8F900B}"
EndProject
Project("{CAA73BB0-EF22-4D79-A57E-DF67B3BA9C80}") = "Content.Master", "Content.Master\Content.Master.scproj", "{69269C5C-6FFE-4C24-ACB7-B98110ABF22F}"
EndProject
Project("{CAA73BB0-EF22-4D79-A57E-DF67B3BA9C80}") = "Content.Core", "Content.Core\Content.Core.scproj", "{95B787B4-61D2-4A5C-BECF-46828F5358A5}"
EndProject
Project("{2150E333-8FDC-42A3-9474-1A3956D46DE8}") = ".tds", ".tds", "{EACAA574-EFB6-4525-A9FE-C5805FF0A941}"
	ProjectSection(SolutionItems) = preProject
		TdsGlobal.config = TdsGlobal.config
	EndProjectSection
EndProject
Project("{FAE04EC0-301F-11D3-BF4B-00C04F79EFBC}") = "Core", "Core\Core.csproj", "{490793BC-A9FB-4221-B31D-CE7134DBCC0B}"
EndProject
Project("{2150E333-8FDC-42A3-9474-1A3956D46DE8}") = "Infrastructure", "Infrastructure", "{B6D8AB19-6B4B-44B8-9C1E-0B6080D5B82E}"
EndProject
Project("{2150E333-8FDC-42A3-9474-1A3956D46DE8}") = "Tests", "Tests", "{41C239EE-5D16-4B59-AFB9-066910D82267}"
EndProject
Project("{2150E333-8FDC-42A3-9474-1A3956D46DE8}") = "Unit", "Unit", "{4B923F16-F913-408D-8B2B-4CF39A0074F6}"
EndProject
Project("{2150E333-8FDC-42A3-9474-1A3956D46DE8}") = "Functional", "Functional", "{404EFBDF-D55D-442A-8158-80C0CE84E5C9}"
EndProject
Project("{FAE04EC0-301F-11D3-BF4B-00C04F79EFBC}") = "Core.Tests.Unit", "Core.Tests.Unit\Core.Tests.Unit.csproj", "{E0E92FB7-9789-495D-AF64-C7987618949E}"
EndProject
Project("{FAE04EC0-301F-11D3-BF4B-00C04F79EFBC}") = "Common.Tests.Functional", "Common.Tests.Functional\Common.Tests.Functional.csproj", "{851E6ABE-9388-47F0-9746-5C7DB52FD6AB}"
EndProject
Project("{930C7802-8A8C-48F9-8165-68863BCCD9DD}") = "Setup", "Setup\Setup.wixproj", "{2F3E7587-1E8D-4611-918A-2A5C2F3FFA3C}"
EndProject
Project("{2150E333-8FDC-42A3-9474-1A3956D46DE8}") = ".Settings", ".Settings", "{F54D539D-C44F-462C-9F6C-6E134A77B4E7}"
	ProjectSection(SolutionItems) = preProject
		Bissol.SymDemo.Common.sln.DotSettings = Bissol.SymDemo.Common.sln.DotSettings
	EndProjectSection
EndProject
Global
	GlobalSection(SolutionConfigurationPlatforms) = preSolution
		Debug|Any CPU = Debug|Any CPU
		Debug|x86 = Debug|x86
		Release|Any CPU = Release|Any CPU
		Release|x86 = Release|x86
	EndGlobalSection
	GlobalSection(ProjectConfigurationPlatforms) = postSolution
		{1E799F7E-A83A-4561-8420-D2EEDF8F900B}.Debug|Any CPU.ActiveCfg = Debug|Any CPU
		{1E799F7E-A83A-4561-8420-D2EEDF8F900B}.Debug|Any CPU.Build.0 = Debug|Any CPU
		{1E799F7E-A83A-4561-8420-D2EEDF8F900B}.Debug|x86.ActiveCfg = Debug|Any CPU
		{1E799F7E-A83A-4561-8420-D2EEDF8F900B}.Debug|x86.Build.0 = Debug|Any CPU
		{1E799F7E-A83A-4561-8420-D2EEDF8F900B}.Release|Any CPU.ActiveCfg = Release|Any CPU
		{1E799F7E-A83A-4561-8420-D2EEDF8F900B}.Release|Any CPU.Build.0 = Release|Any CPU
		{1E799F7E-A83A-4561-8420-D2EEDF8F900B}.Release|x86.ActiveCfg = Release|Any CPU
		{1E799F7E-A83A-4561-8420-D2EEDF8F900B}.Release|x86.Build.0 = Release|Any CPU
		{69269C5C-6FFE-4C24-ACB7-B98110ABF22F}.Debug|Any CPU.ActiveCfg = Debug|Any CPU
		{69269C5C-6FFE-4C24-ACB7-B98110ABF22F}.Debug|Any CPU.Build.0 = Debug|Any CPU
		{69269C5C-6FFE-4C24-ACB7-B98110ABF22F}.Debug|Any CPU.Deploy.0 = Debug|Any CPU
		{69269C5C-6FFE-4C24-ACB7-B98110ABF22F}.Debug|x86.ActiveCfg = Debug|Any CPU
		{69269C5C-6FFE-4C24-ACB7-B98110ABF22F}.Debug|x86.Build.0 = Debug|Any CPU
		{69269C5C-6FFE-4C24-ACB7-B98110ABF22F}.Debug|x86.Deploy.0 = Debug|Any CPU
		{69269C5C-6FFE-4C24-ACB7-B98110ABF22F}.Release|Any CPU.ActiveCfg = Release|Any CPU
		{69269C5C-6FFE-4C24-ACB7-B98110ABF22F}.Release|Any CPU.Build.0 = Release|Any CPU
		{69269C5C-6FFE-4C24-ACB7-B98110ABF22F}.Release|Any CPU.Deploy.0 = Release|Any CPU
		{69269C5C-6FFE-4C24-ACB7-B98110ABF22F}.Release|x86.ActiveCfg = Release|Any CPU
		{69269C5C-6FFE-4C24-ACB7-B98110ABF22F}.Release|x86.Build.0 = Release|Any CPU
		{69269C5C-6FFE-4C24-ACB7-B98110ABF22F}.Release|x86.Deploy.0 = Release|Any CPU
		{95B787B4-61D2-4A5C-BECF-46828F5358A5}.Debug|Any CPU.ActiveCfg = Debug|Any CPU
		{95B787B4-61D2-4A5C-BECF-46828F5358A5}.Debug|Any CPU.Build.0 = Debug|Any CPU
		{95B787B4-61D2-4A5C-BECF-46828F5358A5}.Debug|Any CPU.Deploy.0 = Debug|Any CPU
		{95B787B4-61D2-4A5C-BECF-46828F5358A5}.Debug|x86.ActiveCfg = Debug|Any CPU
		{95B787B4-61D2-4A5C-BECF-46828F5358A5}.Debug|x86.Build.0 = Debug|Any CPU
		{95B787B4-61D2-4A5C-BECF-46828F5358A5}.Debug|x86.Deploy.0 = Debug|Any CPU
		{95B787B4-61D2-4A5C-BECF-46828F5358A5}.Release|Any CPU.ActiveCfg = Release|Any CPU
		{95B787B4-61D2-4A5C-BECF-46828F5358A5}.Release|Any CPU.Build.0 = Release|Any CPU
		{95B787B4-61D2-4A5C-BECF-46828F5358A5}.Release|Any CPU.Deploy.0 = Release|Any CPU
		{95B787B4-61D2-4A5C-BECF-46828F5358A5}.Release|x86.ActiveCfg = Release|Any CPU
		{95B787B4-61D2-4A5C-BECF-46828F5358A5}.Release|x86.Build.0 = Release|Any CPU
		{95B787B4-61D2-4A5C-BECF-46828F5358A5}.Release|x86.Deploy.0 = Release|Any CPU
		{490793BC-A9FB-4221-B31D-CE7134DBCC0B}.Debug|Any CPU.ActiveCfg = Debug|Any CPU
		{490793BC-A9FB-4221-B31D-CE7134DBCC0B}.Debug|Any CPU.Build.0 = Debug|Any CPU
		{490793BC-A9FB-4221-B31D-CE7134DBCC0B}.Debug|x86.ActiveCfg = Debug|Any CPU
		{490793BC-A9FB-4221-B31D-CE7134DBCC0B}.Debug|x86.Build.0 = Debug|Any CPU
		{490793BC-A9FB-4221-B31D-CE7134DBCC0B}.Release|Any CPU.ActiveCfg = Release|Any CPU
		{490793BC-A9FB-4221-B31D-CE7134DBCC0B}.Release|Any CPU.Build.0 = Release|Any CPU
		{490793BC-A9FB-4221-B31D-CE7134DBCC0B}.Release|x86.ActiveCfg = Release|Any CPU
		{490793BC-A9FB-4221-B31D-CE7134DBCC0B}.Release|x86.Build.0 = Release|Any CPU
		{E0E92FB7-9789-495D-AF64-C7987618949E}.Debug|Any CPU.ActiveCfg = Debug|Any CPU
		{E0E92FB7-9789-495D-AF64-C7987618949E}.Debug|Any CPU.Build.0 = Debug|Any CPU
		{E0E92FB7-9789-495D-AF64-C7987618949E}.Debug|x86.ActiveCfg = Debug|Any CPU
		{E0E92FB7-9789-495D-AF64-C7987618949E}.Debug|x86.Build.0 = Debug|Any CPU
		{E0E92FB7-9789-495D-AF64-C7987618949E}.Release|Any CPU.ActiveCfg = Release|Any CPU
		{E0E92FB7-9789-495D-AF64-C7987618949E}.Release|Any CPU.Build.0 = Release|Any CPU
		{E0E92FB7-9789-495D-AF64-C7987618949E}.Release|x86.ActiveCfg = Release|Any CPU
		{E0E92FB7-9789-495D-AF64-C7987618949E}.Release|x86.Build.0 = Release|Any CPU
		{851E6ABE-9388-47F0-9746-5C7DB52FD6AB}.Debug|Any CPU.ActiveCfg = Debug|Any CPU
		{851E6ABE-9388-47F0-9746-5C7DB52FD6AB}.Debug|Any CPU.Build.0 = Debug|Any CPU
		{851E6ABE-9388-47F0-9746-5C7DB52FD6AB}.Debug|x86.ActiveCfg = Debug|Any CPU
		{851E6ABE-9388-47F0-9746-5C7DB52FD6AB}.Debug|x86.Build.0 = Debug|Any CPU
		{851E6ABE-9388-47F0-9746-5C7DB52FD6AB}.Release|Any CPU.ActiveCfg = Release|Any CPU
		{851E6ABE-9388-47F0-9746-5C7DB52FD6AB}.Release|Any CPU.Build.0 = Release|Any CPU
		{851E6ABE-9388-47F0-9746-5C7DB52FD6AB}.Release|x86.ActiveCfg = Release|Any CPU
		{851E6ABE-9388-47F0-9746-5C7DB52FD6AB}.Release|x86.Build.0 = Release|Any CPU
		{2F3E7587-1E8D-4611-918A-2A5C2F3FFA3C}.Debug|Any CPU.ActiveCfg = Debug|x86
		{2F3E7587-1E8D-4611-918A-2A5C2F3FFA3C}.Debug|x86.ActiveCfg = Debug|x86
		{2F3E7587-1E8D-4611-918A-2A5C2F3FFA3C}.Debug|x86.Build.0 = Debug|x86
		{2F3E7587-1E8D-4611-918A-2A5C2F3FFA3C}.Release|Any CPU.ActiveCfg = Release|x86
		{2F3E7587-1E8D-4611-918A-2A5C2F3FFA3C}.Release|Any CPU.Build.0 = Release|x86
		{2F3E7587-1E8D-4611-918A-2A5C2F3FFA3C}.Release|x86.ActiveCfg = Release|x86
		{2F3E7587-1E8D-4611-918A-2A5C2F3FFA3C}.Release|x86.Build.0 = Release|x86
	EndGlobalSection
	GlobalSection(SolutionProperties) = preSolution
		HideSolutionNode = FALSE
	EndGlobalSection
	GlobalSection(NestedProjects) = preSolution
		{69269C5C-6FFE-4C24-ACB7-B98110ABF22F} = {4158C999-2A09-484D-90E3-F83520B477C2}
		{95B787B4-61D2-4A5C-BECF-46828F5358A5} = {4158C999-2A09-484D-90E3-F83520B477C2}
		{490793BC-A9FB-4221-B31D-CE7134DBCC0B} = {B6D8AB19-6B4B-44B8-9C1E-0B6080D5B82E}
		{4B923F16-F913-408D-8B2B-4CF39A0074F6} = {41C239EE-5D16-4B59-AFB9-066910D82267}
		{404EFBDF-D55D-442A-8158-80C0CE84E5C9} = {41C239EE-5D16-4B59-AFB9-066910D82267}
		{E0E92FB7-9789-495D-AF64-C7987618949E} = {4B923F16-F913-408D-8B2B-4CF39A0074F6}
		{851E6ABE-9388-47F0-9746-5C7DB52FD6AB} = {404EFBDF-D55D-442A-8158-80C0CE84E5C9}
		{2F3E7587-1E8D-4611-918A-2A5C2F3FFA3C} = {FF41DDEF-0B83-4D55-A6B9-E2340FCCD19C}
	EndGlobalSection
EndGlobal
