
Microsoft Visual Studio Solution File, Format Version 12.00
# Visual Studio 14
VisualStudioVersion = 14.0.25123.0
MinimumVisualStudioVersion = 10.0.40219.1
Project("{FAE04EC0-301F-11D3-BF4B-00C04F79EFBC}") = "SymDemo.Site.Web", "Web\SymDemo.Site.Web.csproj", "{9CD72766-EDC4-4E9F-A389-2AB5F937E43B}"
EndProject
Project("{2150E333-8FDC-42A3-9474-1A3956D46DE8}") = ".tds", ".tds", "{7BD594C7-8939-4850-9E22-68C5EAFA19C7}"
	ProjectSection(SolutionItems) = preProject
		TdsGlobal.config = TdsGlobal.config
	EndProjectSection
EndProject
Project("{2150E333-8FDC-42A3-9474-1A3956D46DE8}") = ".Settings", ".Settings", "{A8D5E9F7-983E-4035-AC71-185AC8770E56}"
	ProjectSection(SolutionItems) = preProject
		SymDemo.Site.Content.nuspec = SymDemo.Site.Content.nuspec
		SymDemo.Site.nuspec = SymDemo.Site.nuspec
	EndProjectSection
EndProject
Project("{2150E333-8FDC-42A3-9474-1A3956D46DE8}") = "Content", "Content", "{2972B8AE-6871-4666-959C-8F6D18F7B10E}"
EndProject
Project("{CAA73BB0-EF22-4D79-A57E-DF67B3BA9C80}") = "Common.Content", "Common.Content\Common.Content.scproj", "{455F1E05-7296-4A0C-85AC-3E2391E4FF78}"
EndProject
Project("{CAA73BB0-EF22-4D79-A57E-DF67B3BA9C80}") = "Master.Content", "Master.Content\Master.Content.scproj", "{4D3033D4-A503-4F6B-A5DA-57DCBAB1D7EF}"
EndProject
Project("{FAE04EC0-301F-11D3-BF4B-00C04F79EFBC}") = "SymDemo.Site.Models", "Models\SymDemo.Site.Models.csproj", "{C6007767-EEBC-480F-9B42-1A5F1F7B0A1A}"
EndProject
Project("{2150E333-8FDC-42A3-9474-1A3956D46DE8}") = "Tests", "Tests", "{9C0FA922-9789-448A-A80B-93AE92731C40}"
EndProject
Project("{2150E333-8FDC-42A3-9474-1A3956D46DE8}") = "Functional", "Functional", "{376A12B9-4F42-4067-A273-15F5660954FE}"
EndProject
Project("{2150E333-8FDC-42A3-9474-1A3956D46DE8}") = "Unit", "Unit", "{966F7E48-C928-4DE3-9832-82BA6C7F94E2}"
EndProject
Project("{FAE04EC0-301F-11D3-BF4B-00C04F79EFBC}") = "Tests.Unit", "Tests.Unit\Tests.Unit.csproj", "{E268FF56-E91A-4D8D-AEE6-90DEBD5FA213}"
EndProject
Project("{FAE04EC0-301F-11D3-BF4B-00C04F79EFBC}") = "SymDemo.Site.Tests.Functional", "Tests.Functional\SymDemo.Site.Tests.Functional.csproj", "{0BC185B6-1B74-4438-9669-1B7E1D203E52}"
EndProject
Project("{2150E333-8FDC-42A3-9474-1A3956D46DE8}") = "Install", "Install", "{DB09267E-7997-4622-8532-266CD64F28BD}"
EndProject
Project("{930C7802-8A8C-48F9-8165-68863BCCD9DD}") = "SymDemo.Site.Setup", "Setup\SymDemo.Site.Setup.wixproj", "{C7B53724-B901-4CBE-BF9D-984CC3936DA0}"
EndProject
Global
	GlobalSection(SolutionConfigurationPlatforms) = preSolution
		Debug|Any CPU = Debug|Any CPU
		Debug|x86 = Debug|x86
		Release|Any CPU = Release|Any CPU
		Release|x86 = Release|x86
	EndGlobalSection
	GlobalSection(ProjectConfigurationPlatforms) = postSolution
		{9CD72766-EDC4-4E9F-A389-2AB5F937E43B}.Debug|Any CPU.ActiveCfg = Debug|Any CPU
		{9CD72766-EDC4-4E9F-A389-2AB5F937E43B}.Debug|Any CPU.Build.0 = Debug|Any CPU
		{9CD72766-EDC4-4E9F-A389-2AB5F937E43B}.Debug|x86.ActiveCfg = Debug|Any CPU
		{9CD72766-EDC4-4E9F-A389-2AB5F937E43B}.Debug|x86.Build.0 = Debug|Any CPU
		{9CD72766-EDC4-4E9F-A389-2AB5F937E43B}.Release|Any CPU.ActiveCfg = Release|Any CPU
		{9CD72766-EDC4-4E9F-A389-2AB5F937E43B}.Release|Any CPU.Build.0 = Release|Any CPU
		{9CD72766-EDC4-4E9F-A389-2AB5F937E43B}.Release|x86.ActiveCfg = Release|Any CPU
		{9CD72766-EDC4-4E9F-A389-2AB5F937E43B}.Release|x86.Build.0 = Release|Any CPU
		{455F1E05-7296-4A0C-85AC-3E2391E4FF78}.Debug|Any CPU.ActiveCfg = Debug|Any CPU
		{455F1E05-7296-4A0C-85AC-3E2391E4FF78}.Debug|Any CPU.Build.0 = Debug|Any CPU
		{455F1E05-7296-4A0C-85AC-3E2391E4FF78}.Debug|Any CPU.Deploy.0 = Debug|Any CPU
		{455F1E05-7296-4A0C-85AC-3E2391E4FF78}.Debug|x86.ActiveCfg = Debug|Any CPU
		{455F1E05-7296-4A0C-85AC-3E2391E4FF78}.Debug|x86.Build.0 = Debug|Any CPU
		{455F1E05-7296-4A0C-85AC-3E2391E4FF78}.Debug|x86.Deploy.0 = Debug|Any CPU
		{455F1E05-7296-4A0C-85AC-3E2391E4FF78}.Release|Any CPU.ActiveCfg = Release|Any CPU
		{455F1E05-7296-4A0C-85AC-3E2391E4FF78}.Release|Any CPU.Build.0 = Release|Any CPU
		{455F1E05-7296-4A0C-85AC-3E2391E4FF78}.Release|Any CPU.Deploy.0 = Release|Any CPU
		{455F1E05-7296-4A0C-85AC-3E2391E4FF78}.Release|x86.ActiveCfg = Release|Any CPU
		{455F1E05-7296-4A0C-85AC-3E2391E4FF78}.Release|x86.Build.0 = Release|Any CPU
		{455F1E05-7296-4A0C-85AC-3E2391E4FF78}.Release|x86.Deploy.0 = Release|Any CPU
		{4D3033D4-A503-4F6B-A5DA-57DCBAB1D7EF}.Debug|Any CPU.ActiveCfg = Debug|Any CPU
		{4D3033D4-A503-4F6B-A5DA-57DCBAB1D7EF}.Debug|Any CPU.Build.0 = Debug|Any CPU
		{4D3033D4-A503-4F6B-A5DA-57DCBAB1D7EF}.Debug|Any CPU.Deploy.0 = Debug|Any CPU
		{4D3033D4-A503-4F6B-A5DA-57DCBAB1D7EF}.Debug|x86.ActiveCfg = Debug|Any CPU
		{4D3033D4-A503-4F6B-A5DA-57DCBAB1D7EF}.Debug|x86.Build.0 = Debug|Any CPU
		{4D3033D4-A503-4F6B-A5DA-57DCBAB1D7EF}.Debug|x86.Deploy.0 = Debug|Any CPU
		{4D3033D4-A503-4F6B-A5DA-57DCBAB1D7EF}.Release|Any CPU.ActiveCfg = Release|Any CPU
		{4D3033D4-A503-4F6B-A5DA-57DCBAB1D7EF}.Release|Any CPU.Build.0 = Release|Any CPU
		{4D3033D4-A503-4F6B-A5DA-57DCBAB1D7EF}.Release|Any CPU.Deploy.0 = Release|Any CPU
		{4D3033D4-A503-4F6B-A5DA-57DCBAB1D7EF}.Release|x86.ActiveCfg = Release|Any CPU
		{4D3033D4-A503-4F6B-A5DA-57DCBAB1D7EF}.Release|x86.Build.0 = Release|Any CPU
		{4D3033D4-A503-4F6B-A5DA-57DCBAB1D7EF}.Release|x86.Deploy.0 = Release|Any CPU
		{C6007767-EEBC-480F-9B42-1A5F1F7B0A1A}.Debug|Any CPU.ActiveCfg = Debug|Any CPU
		{C6007767-EEBC-480F-9B42-1A5F1F7B0A1A}.Debug|Any CPU.Build.0 = Debug|Any CPU
		{C6007767-EEBC-480F-9B42-1A5F1F7B0A1A}.Debug|x86.ActiveCfg = Debug|Any CPU
		{C6007767-EEBC-480F-9B42-1A5F1F7B0A1A}.Debug|x86.Build.0 = Debug|Any CPU
		{C6007767-EEBC-480F-9B42-1A5F1F7B0A1A}.Release|Any CPU.ActiveCfg = Release|Any CPU
		{C6007767-EEBC-480F-9B42-1A5F1F7B0A1A}.Release|Any CPU.Build.0 = Release|Any CPU
		{C6007767-EEBC-480F-9B42-1A5F1F7B0A1A}.Release|x86.ActiveCfg = Release|Any CPU
		{C6007767-EEBC-480F-9B42-1A5F1F7B0A1A}.Release|x86.Build.0 = Release|Any CPU
		{E268FF56-E91A-4D8D-AEE6-90DEBD5FA213}.Debug|Any CPU.ActiveCfg = Debug|Any CPU
		{E268FF56-E91A-4D8D-AEE6-90DEBD5FA213}.Debug|Any CPU.Build.0 = Debug|Any CPU
		{E268FF56-E91A-4D8D-AEE6-90DEBD5FA213}.Debug|x86.ActiveCfg = Debug|Any CPU
		{E268FF56-E91A-4D8D-AEE6-90DEBD5FA213}.Debug|x86.Build.0 = Debug|Any CPU
		{E268FF56-E91A-4D8D-AEE6-90DEBD5FA213}.Release|Any CPU.ActiveCfg = Release|Any CPU
		{E268FF56-E91A-4D8D-AEE6-90DEBD5FA213}.Release|Any CPU.Build.0 = Release|Any CPU
		{E268FF56-E91A-4D8D-AEE6-90DEBD5FA213}.Release|x86.ActiveCfg = Release|Any CPU
		{E268FF56-E91A-4D8D-AEE6-90DEBD5FA213}.Release|x86.Build.0 = Release|Any CPU
		{0BC185B6-1B74-4438-9669-1B7E1D203E52}.Debug|Any CPU.ActiveCfg = Debug|Any CPU
		{0BC185B6-1B74-4438-9669-1B7E1D203E52}.Debug|Any CPU.Build.0 = Debug|Any CPU
		{0BC185B6-1B74-4438-9669-1B7E1D203E52}.Debug|x86.ActiveCfg = Debug|Any CPU
		{0BC185B6-1B74-4438-9669-1B7E1D203E52}.Debug|x86.Build.0 = Debug|Any CPU
		{0BC185B6-1B74-4438-9669-1B7E1D203E52}.Release|Any CPU.ActiveCfg = Release|Any CPU
		{0BC185B6-1B74-4438-9669-1B7E1D203E52}.Release|Any CPU.Build.0 = Release|Any CPU
		{0BC185B6-1B74-4438-9669-1B7E1D203E52}.Release|x86.ActiveCfg = Release|Any CPU
		{0BC185B6-1B74-4438-9669-1B7E1D203E52}.Release|x86.Build.0 = Release|Any CPU
		{C7B53724-B901-4CBE-BF9D-984CC3936DA0}.Debug|Any CPU.ActiveCfg = Debug|x86
		{C7B53724-B901-4CBE-BF9D-984CC3936DA0}.Debug|x86.ActiveCfg = Debug|x86
		{C7B53724-B901-4CBE-BF9D-984CC3936DA0}.Debug|x86.Build.0 = Debug|x86
		{C7B53724-B901-4CBE-BF9D-984CC3936DA0}.Release|Any CPU.ActiveCfg = Release|x86
		{C7B53724-B901-4CBE-BF9D-984CC3936DA0}.Release|Any CPU.Build.0 = Release|x86
		{C7B53724-B901-4CBE-BF9D-984CC3936DA0}.Release|x86.ActiveCfg = Release|x86
		{C7B53724-B901-4CBE-BF9D-984CC3936DA0}.Release|x86.Build.0 = Release|x86
	EndGlobalSection
	GlobalSection(SolutionProperties) = preSolution
		HideSolutionNode = FALSE
	EndGlobalSection
	GlobalSection(NestedProjects) = preSolution
		{455F1E05-7296-4A0C-85AC-3E2391E4FF78} = {2972B8AE-6871-4666-959C-8F6D18F7B10E}
		{4D3033D4-A503-4F6B-A5DA-57DCBAB1D7EF} = {2972B8AE-6871-4666-959C-8F6D18F7B10E}
		{C6007767-EEBC-480F-9B42-1A5F1F7B0A1A} = {2972B8AE-6871-4666-959C-8F6D18F7B10E}
		{376A12B9-4F42-4067-A273-15F5660954FE} = {9C0FA922-9789-448A-A80B-93AE92731C40}
		{966F7E48-C928-4DE3-9832-82BA6C7F94E2} = {9C0FA922-9789-448A-A80B-93AE92731C40}
		{E268FF56-E91A-4D8D-AEE6-90DEBD5FA213} = {966F7E48-C928-4DE3-9832-82BA6C7F94E2}
		{0BC185B6-1B74-4438-9669-1B7E1D203E52} = {376A12B9-4F42-4067-A273-15F5660954FE}
		{C7B53724-B901-4CBE-BF9D-984CC3936DA0} = {DB09267E-7997-4622-8532-266CD64F28BD}
	EndGlobalSection
EndGlobal
